
Microsoft Visual Studio Solution File, Format Version 12.00
# Visual Studio Version 17
VisualStudioVersion = 17.9.34723.18
MinimumVisualStudioVersion = 10.0.40219.1
Project("{FAE04EC0-301F-11D3-BF4B-00C04F79EFBC}") = "DungeonApp", "DungeonApp\DungeonApp.csproj", "{98657B84-E0FC-4425-89DA-4CE6381579EE}"
EndProject
Global
	GlobalSection(SolutionConfigurationPlatforms) = preSolution
		Debug|Any CPU = Debug|Any CPU
		Release|Any CPU = Release|Any CPU
	EndGlobalSection
	GlobalSection(ProjectConfigurationPlatforms) = postSolution
		{98657B84-E0FC-4425-89DA-4CE6381579EE}.Debug|Any CPU.ActiveCfg = Debug|Any CPU
		{98657B84-E0FC-4425-89DA-4CE6381579EE}.Debug|Any CPU.Build.0 = Debug|Any CPU
		{98657B84-E0FC-4425-89DA-4CE6381579EE}.Release|Any CPU.ActiveCfg = Release|Any CPU
		{98657B84-E0FC-4425-89DA-4CE6381579EE}.Release|Any CPU.Build.0 = Release|Any CPU
	EndGlobalSection
	GlobalSection(SolutionProperties) = preSolution
		HideSolutionNode = FALSE
	EndGlobalSection
	GlobalSection(ExtensibilityGlobals) = postSolution
		SolutionGuid = {BDF1893C-0332-4761-BCC0-C8EDB789BBEC}
	EndGlobalSection
EndGlobal
